
Microsoft Visual Studio Solution File, Format Version 12.00
# Visual Studio 15
VisualStudioVersion = 15.0.28307.1062
MinimumVisualStudioVersion = 10.0.40219.1
Project("{FAE04EC0-301F-11D3-BF4B-00C04F79EFBC}") = "Proyecto", "Proyecto\Proyecto.csproj", "{C487D488-74A4-4BB5-8F37-1259E216540F}"
EndProject
Global
	GlobalSection(SolutionConfigurationPlatforms) = preSolution
		Debug|Any CPU = Debug|Any CPU
		Release|Any CPU = Release|Any CPU
	EndGlobalSection
	GlobalSection(ProjectConfigurationPlatforms) = postSolution
		{C487D488-74A4-4BB5-8F37-1259E216540F}.Debug|Any CPU.ActiveCfg = Debug|Any CPU
		{C487D488-74A4-4BB5-8F37-1259E216540F}.Debug|Any CPU.Build.0 = Debug|Any CPU
		{C487D488-74A4-4BB5-8F37-1259E216540F}.Release|Any CPU.ActiveCfg = Release|Any CPU
		{C487D488-74A4-4BB5-8F37-1259E216540F}.Release|Any CPU.Build.0 = Release|Any CPU
	EndGlobalSection
	GlobalSection(SolutionProperties) = preSolution
		HideSolutionNode = FALSE
	EndGlobalSection
	GlobalSection(ExtensibilityGlobals) = postSolution
		SolutionGuid = {7821717E-37C7-4E4B-8889-D09FB7D702B0}
	EndGlobalSection
EndGlobal
